// !$*UTF8*$!
{
	archiveVersion = 1;
	classes = {
	};
	objectVersion = 46;
	objects = {

/* Begin PBXBuildFile section */
		C4478F161E6025030083948D /* main.cpp in Sources */ = {isa = PBXBuildFile; fileRef = C4478F151E6025030083948D /* main.cpp */; };
		C4478F201E6030AB0083948D /* Vector.cpp in Sources */ = {isa = PBXBuildFile; fileRef = C4478F1E1E6030AB0083948D /* Vector.cpp */; };
		C4478F231E603A960083948D /* BooleanFunction.cpp in Sources */ = {isa = PBXBuildFile; fileRef = C4478F211E603A960083948D /* BooleanFunction.cpp */; };
/* End PBXBuildFile section */

/* Begin PBXCopyFilesBuildPhase section */
		C4478F101E6025030083948D /* CopyFiles */ = {
			isa = PBXCopyFilesBuildPhase;
			buildActionMask = 2147483647;
			dstPath = /usr/share/man/man1/;
			dstSubfolderSpec = 0;
			files = (
			);
			runOnlyForDeploymentPostprocessing = 1;
		};
/* End PBXCopyFilesBuildPhase section */

/* Begin PBXFileReference section */
		C4478F121E6025030083948D /* diskr1 */ = {isa = PBXFileReference; explicitFileType = "compiled.mach-o.executable"; includeInIndex = 0; path = diskr1; sourceTree = BUILT_PRODUCTS_DIR; };
		C4478F151E6025030083948D /* main.cpp */ = {isa = PBXFileReference; lastKnownFileType = sourcecode.cpp.cpp; path = main.cpp; sourceTree = "<group>"; };
		C4478F1C1E6030530083948D /* ScalarTypes.h */ = {isa = PBXFileReference; lastKnownFileType = sourcecode.c.h; path = ScalarTypes.h; sourceTree = "<group>"; };
		C4478F1D1E60308C0083948D /* Printable.h */ = {isa = PBXFileReference; lastKnownFileType = sourcecode.c.h; path = Printable.h; sourceTree = "<group>"; };
		C4478F1E1E6030AB0083948D /* Vector.cpp */ = {isa = PBXFileReference; fileEncoding = 4; lastKnownFileType = sourcecode.cpp.cpp; path = Vector.cpp; sourceTree = "<group>"; };
		C4478F1F1E6030AB0083948D /* Vector.h */ = {isa = PBXFileReference; fileEncoding = 4; lastKnownFileType = sourcecode.c.h; path = Vector.h; sourceTree = "<group>"; };
		C4478F211E603A960083948D /* BooleanFunction.cpp */ = {isa = PBXFileReference; fileEncoding = 4; lastKnownFileType = sourcecode.cpp.cpp; path = BooleanFunction.cpp; sourceTree = "<group>"; };
		C4478F221E603A960083948D /* BooleanFunction.hpp */ = {isa = PBXFileReference; fileEncoding = 4; lastKnownFileType = sourcecode.cpp.h; path = BooleanFunction.hpp; sourceTree = "<group>"; };
/* End PBXFileReference section */

/* Begin PBXFrameworksBuildPhase section */
		C4478F0F1E6025030083948D /* Frameworks */ = {
			isa = PBXFrameworksBuildPhase;
			buildActionMask = 2147483647;
			files = (
			);
			runOnlyForDeploymentPostprocessing = 0;
		};
/* End PBXFrameworksBuildPhase section */

/* Begin PBXGroup section */
		C4478F091E6025030083948D = {
			isa = PBXGroup;
			children = (
				C4478F141E6025030083948D /* diskr1 */,
				C4478F131E6025030083948D /* Products */,
			);
			sourceTree = "<group>";
		};
		C4478F131E6025030083948D /* Products */ = {
			isa = PBXGroup;
			children = (
				C4478F121E6025030083948D /* diskr1 */,
			);
			name = Products;
			sourceTree = "<group>";
		};
		C4478F141E6025030083948D /* diskr1 */ = {
			isa = PBXGroup;
			children = (
				C4478F1C1E6030530083948D /* ScalarTypes.h */,
				C4478F1D1E60308C0083948D /* Printable.h */,
				C4478F1F1E6030AB0083948D /* Vector.h */,
				C4478F1E1E6030AB0083948D /* Vector.cpp */,
				C4478F221E603A960083948D /* BooleanFunction.hpp */,
				C4478F211E603A960083948D /* BooleanFunction.cpp */,
				C4478F151E6025030083948D /* main.cpp */,
			);
			path = diskr1;
			sourceTree = "<group>";
		};
/* End PBXGroup section */

/* Begin PBXNativeTarget section */
		C4478F111E6025030083948D /* diskr1 */ = {
			isa = PBXNativeTarget;
			buildConfigurationList = C4478F191E6025030083948D /* Build configuration list for PBXNativeTarget "diskr1" */;
			buildPhases = (
				C4478F0E1E6025030083948D /* Sources */,
				C4478F0F1E6025030083948D /* Frameworks */,
				C4478F101E6025030083948D /* CopyFiles */,
			);
			buildRules = (
			);
			dependencies = (
			);
			name = diskr1;
			productName = diskr1;
			productReference = C4478F121E6025030083948D /* diskr1 */;
			productType = "com.apple.product-type.tool";
		};
/* End PBXNativeTarget section */

/* Begin PBXProject section */
		C4478F0A1E6025030083948D /* Project object */ = {
			isa = PBXProject;
			attributes = {
				LastUpgradeCheck = 0820;
				ORGANIZATIONNAME = "Aziz Latipov";
				TargetAttributes = {
					C4478F111E6025030083948D = {
						CreatedOnToolsVersion = 8.2.1;
						ProvisioningStyle = Automatic;
					};
				};
			};
			buildConfigurationList = C4478F0D1E6025030083948D /* Build configuration list for PBXProject "diskr1" */;
			compatibilityVersion = "Xcode 3.2";
			developmentRegion = English;
			hasScannedForEncodings = 0;
			knownRegions = (
				en,
			);
			mainGroup = C4478F091E6025030083948D;
			productRefGroup = C4478F131E6025030083948D /* Products */;
			projectDirPath = "";
			projectRoot = "";
			targets = (
				C4478F111E6025030083948D /* diskr1 */,
			);
		};
/* End PBXProject section */

/* Begin PBXSourcesBuildPhase section */
		C4478F0E1E6025030083948D /* Sources */ = {
			isa = PBXSourcesBuildPhase;
			buildActionMask = 2147483647;
			files = (
				C4478F231E603A960083948D /* BooleanFunction.cpp in Sources */,
				C4478F201E6030AB0083948D /* Vector.cpp in Sources */,
				C4478F161E6025030083948D /* main.cpp in Sources */,
			);
			runOnlyForDeploymentPostprocessing = 0;
		};
/* End PBXSourcesBuildPhase section */

/* Begin XCBuildConfiguration section */
		C4478F171E6025030083948D /* Debug */ = {
			isa = XCBuildConfiguration;
			buildSettings = {
				ALWAYS_SEARCH_USER_PATHS = NO;
				CLANG_ANALYZER_NONNULL = YES;
				CLANG_CXX_LANGUAGE_STANDARD = "gnu++0x";
				CLANG_CXX_LIBRARY = "libc++";
				CLANG_ENABLE_MODULES = YES;
				CLANG_ENABLE_OBJC_ARC = YES;
				CLANG_WARN_BOOL_CONVERSION = YES;
				CLANG_WARN_CONSTANT_CONVERSION = YES;
				CLANG_WARN_DIRECT_OBJC_ISA_USAGE = YES_ERROR;
				CLANG_WARN_DOCUMENTATION_COMMENTS = YES;
				CLANG_WARN_EMPTY_BODY = YES;
				CLANG_WARN_ENUM_CONVERSION = YES;
				CLANG_WARN_INFINITE_RECURSION = YES;
				CLANG_WARN_INT_CONVERSION = YES;
				CLANG_WARN_OBJC_ROOT_CLASS = YES_ERROR;
				CLANG_WARN_SUSPICIOUS_MOVE = YES;
				CLANG_WARN_UNREACHABLE_CODE = YES;
				CLANG_WARN__DUPLICATE_METHOD_MATCH = YES;
				CODE_SIGN_IDENTITY = "-";
				COPY_PHASE_STRIP = NO;
				DEBUG_INFORMATION_FORMAT = dwarf;
				ENABLE_STRICT_OBJC_MSGSEND = YES;
				ENABLE_TESTABILITY = YES;
				GCC_C_LANGUAGE_STANDARD = gnu99;
				GCC_DYNAMIC_NO_PIC = NO;
				GCC_NO_COMMON_BLOCKS = YES;
				GCC_OPTIMIZATION_LEVEL = 0;
				GCC_PREPROCESSOR_DEFINITIONS = (
					"DEBUG=1",
					"$(inherited)",
				);
				GCC_WARN_64_TO_32_BIT_CONVERSION = YES;
				GCC_WARN_ABOUT_RETURN_TYPE = YES_ERROR;
				GCC_WARN_UNDECLARED_SELECTOR = YES;
				GCC_WARN_UNINITIALIZED_AUTOS = YES_AGGRESSIVE;
				GCC_WARN_UNUSED_FUNCTION = YES;
				GCC_WARN_UNUSED_VARIABLE = YES;
				MACOSX_DEPLOYMENT_TARGET = 10.12;
				MTL_ENABLE_DEBUG_INFO = YES;
				ONLY_ACTIVE_ARCH = YES;
				SDKROOT = macosx;
			};
			name = Debug;
		};
		C4478F181E6025030083948D /* Release */ = {
			isa = XCBuildConfiguration;
			buildSettings = {
				ALWAYS_SEARCH_USER_PATHS = NO;
				CLANG_ANALYZER_NONNULL = YES;
				CLANG_CXX_LANGUAGE_STANDARD = "gnu++0x";
				CLANG_CXX_LIBRARY = "libc++";
				CLANG_ENABLE_MODULES = YES;
				CLANG_ENABLE_OBJC_ARC = YES;
				CLANG_WARN_BOOL_CONVERSION = YES;
				CLANG_WARN_CONSTANT_CONVERSION = YES;
				CLANG_WARN_DIRECT_OBJC_ISA_USAGE = YES_ERROR;
				CLANG_WARN_DOCUMENTATION_COMMENTS = YES;
				CLANG_WARN_EMPTY_BODY = YES;
				CLANG_WARN_ENUM_CONVERSION = YES;
				CLANG_WARN_INFINITE_RECURSION = YES;
				CLANG_WARN_INT_CONVERSION = YES;
				CLANG_WARN_OBJC_ROOT_CLASS = YES_ERROR;
				CLANG_WARN_SUSPICIOUS_MOVE = YES;
				CLANG_WARN_UNREACHABLE_CODE = YES;
				CLANG_WARN__DUPLICATE_METHOD_MATCH = YES;
				CODE_SIGN_IDENTITY = "-";
				COPY_PHASE_STRIP = NO;
				DEBUG_INFORMATION_FORMAT = "dwarf-with-dsym";
				ENABLE_NS_ASSERTIONS = NO;
				ENABLE_STRICT_OBJC_MSGSEND = YES;
				GCC_C_LANGUAGE_STANDARD = gnu99;
				GCC_NO_COMMON_BLOCKS = YES;
				GCC_WARN_64_TO_32_BIT_CONVERSION = YES;
				GCC_WARN_ABOUT_RETURN_TYPE = YES_ERROR;
				GCC_WARN_UNDECLARED_SELECTOR = YES;
				GCC_WARN_UNINITIALIZED_AUTOS = YES_AGGRESSIVE;
				GCC_WARN_UNUSED_FUNCTION = YES;
				GCC_WARN_UNUSED_VARIABLE = YES;
				MACOSX_DEPLOYMENT_TARGET = 10.12;
				MTL_ENABLE_DEBUG_INFO = NO;
				SDKROOT = macosx;
			};
			name = Release;
		};
		C4478F1A1E6025030083948D /* Debug */ = {
			isa = XCBuildConfiguration;
			buildSettings = {
				PRODUCT_NAME = "$(TARGET_NAME)";
			};
			name = Debug;
		};
		C4478F1B1E6025030083948D /* Release */ = {
			isa = XCBuildConfiguration;
			buildSettings = {
				PRODUCT_NAME = "$(TARGET_NAME)";
			};
			name = Release;
		};
/* End XCBuildConfiguration section */

/* Begin XCConfigurationList section */
		C4478F0D1E6025030083948D /* Build configuration list for PBXProject "diskr1" */ = {
			isa = XCConfigurationList;
			buildConfigurations = (
				C4478F171E6025030083948D /* Debug */,
				C4478F181E6025030083948D /* Release */,
			);
			defaultConfigurationIsVisible = 0;
			defaultConfigurationName = Release;
		};
		C4478F191E6025030083948D /* Build configuration list for PBXNativeTarget "diskr1" */ = {
			isa = XCConfigurationList;
			buildConfigurations = (
				C4478F1A1E6025030083948D /* Debug */,
				C4478F1B1E6025030083948D /* Release */,
			);
			defaultConfigurationIsVisible = 0;
		};
/* End XCConfigurationList section */
	};
	rootObject = C4478F0A1E6025030083948D /* Project object */;
}
